// !$*UTF8*$!
{
	archiveVersion = 1;
	classes = {
	};
	objectVersion = 46;
	objects = {

/* Begin PBXBuildFile section */
		07C1D8CA1AA0EFC0004B51AD /* AppDelegate.swift in Sources */ = {isa = PBXBuildFile; fileRef = 07C1D8C91AA0EFC0004B51AD /* AppDelegate.swift */; };
		07C1D8CC1AA0EFC0004B51AD /* ViewController.swift in Sources */ = {isa = PBXBuildFile; fileRef = 07C1D8CB1AA0EFC0004B51AD /* ViewController.swift */; };
		07C1D8CF1AA0EFC0004B51AD /* Main.storyboard in Resources */ = {isa = PBXBuildFile; fileRef = 07C1D8CD1AA0EFC0004B51AD /* Main.storyboard */; };
		07C1D8D11AA0EFC0004B51AD /* Images.xcassets in Resources */ = {isa = PBXBuildFile; fileRef = 07C1D8D01AA0EFC0004B51AD /* Images.xcassets */; };
		07C1D8D41AA0EFC0004B51AD /* LaunchScreen.xib in Resources */ = {isa = PBXBuildFile; fileRef = 07C1D8D21AA0EFC0004B51AD /* LaunchScreen.xib */; };
		07C1D8E01AA0EFC0004B51AD /* SampleiOSTests.swift in Sources */ = {isa = PBXBuildFile; fileRef = 07C1D8DF1AA0EFC0004B51AD /* SampleiOSTests.swift */; };
/* End PBXBuildFile section */

/* Begin PBXContainerItemProxy section */
		07C1D8DA1AA0EFC0004B51AD /* PBXContainerItemProxy */ = {
			isa = PBXContainerItemProxy;
			containerPortal = 07C1D8BC1AA0EFC0004B51AD /* Project object */;
			proxyType = 1;
			remoteGlobalIDString = 07C1D8C31AA0EFC0004B51AD;
			remoteInfo = SampleiOS;
		};
/* End PBXContainerItemProxy section */

/* Begin PBXFileReference section */
		07C1D8C41AA0EFC0004B51AD /* SampleiOS.app */ = {isa = PBXFileReference; explicitFileType = wrapper.application; includeInIndex = 0; path = SampleiOS.app; sourceTree = BUILT_PRODUCTS_DIR; };
		07C1D8C81AA0EFC0004B51AD /* Info.plist */ = {isa = PBXFileReference; lastKnownFileType = text.plist.xml; path = Info.plist; sourceTree = "<group>"; };
		07C1D8C91AA0EFC0004B51AD /* AppDelegate.swift */ = {isa = PBXFileReference; lastKnownFileType = sourcecode.swift; path = AppDelegate.swift; sourceTree = "<group>"; };
		07C1D8CB1AA0EFC0004B51AD /* ViewController.swift */ = {isa = PBXFileReference; lastKnownFileType = sourcecode.swift; path = ViewController.swift; sourceTree = "<group>"; };
		07C1D8CE1AA0EFC0004B51AD /* Base */ = {isa = PBXFileReference; lastKnownFileType = file.storyboard; name = Base; path = Base.lproj/Main.storyboard; sourceTree = "<group>"; };
		07C1D8D01AA0EFC0004B51AD /* Images.xcassets */ = {isa = PBXFileReference; lastKnownFileType = folder.assetcatalog; path = Images.xcassets; sourceTree = "<group>"; };
		07C1D8D31AA0EFC0004B51AD /* Base */ = {isa = PBXFileReference; lastKnownFileType = file.xib; name = Base; path = Base.lproj/LaunchScreen.xib; sourceTree = "<group>"; };
		07C1D8D91AA0EFC0004B51AD /* SampleiOSTests.xctest */ = {isa = PBXFileReference; explicitFileType = wrapper.cfbundle; includeInIndex = 0; path = SampleiOSTests.xctest; sourceTree = BUILT_PRODUCTS_DIR; };
		07C1D8DE1AA0EFC0004B51AD /* Info.plist */ = {isa = PBXFileReference; lastKnownFileType = text.plist.xml; path = Info.plist; sourceTree = "<group>"; };
		07C1D8DF1AA0EFC0004B51AD /* SampleiOSTests.swift */ = {isa = PBXFileReference; lastKnownFileType = sourcecode.swift; path = SampleiOSTests.swift; sourceTree = "<group>"; };
/* End PBXFileReference section */

/* Begin PBXFrameworksBuildPhase section */
		07C1D8C11AA0EFC0004B51AD /* Frameworks */ = {
			isa = PBXFrameworksBuildPhase;
			buildActionMask = 2147483647;
			files = (
			);
			runOnlyForDeploymentPostprocessing = 0;
		};
		07C1D8D61AA0EFC0004B51AD /* Frameworks */ = {
			isa = PBXFrameworksBuildPhase;
			buildActionMask = 2147483647;
			files = (
			);
			runOnlyForDeploymentPostprocessing = 0;
		};
/* End PBXFrameworksBuildPhase section */

/* Begin PBXGroup section */
		07C1D8BB1AA0EFC0004B51AD = {
			isa = PBXGroup;
			children = (
				07C1D8C61AA0EFC0004B51AD /* SampleiOS */,
				07C1D8DC1AA0EFC0004B51AD /* SampleiOSTests */,
				07C1D8C51AA0EFC0004B51AD /* Products */,
			);
			sourceTree = "<group>";
		};
		07C1D8C51AA0EFC0004B51AD /* Products */ = {
			isa = PBXGroup;
			children = (
				07C1D8C41AA0EFC0004B51AD /* SampleiOS.app */,
				07C1D8D91AA0EFC0004B51AD /* SampleiOSTests.xctest */,
			);
			name = Products;
			sourceTree = "<group>";
		};
		07C1D8C61AA0EFC0004B51AD /* SampleiOS */ = {
			isa = PBXGroup;
			children = (
				07C1D8C91AA0EFC0004B51AD /* AppDelegate.swift */,
				07C1D8CB1AA0EFC0004B51AD /* ViewController.swift */,
				07C1D8CD1AA0EFC0004B51AD /* Main.storyboard */,
				07C1D8D01AA0EFC0004B51AD /* Images.xcassets */,
				07C1D8D21AA0EFC0004B51AD /* LaunchScreen.xib */,
				07C1D8C71AA0EFC0004B51AD /* Supporting Files */,
			);
			path = SampleiOS;
			sourceTree = "<group>";
		};
		07C1D8C71AA0EFC0004B51AD /* Supporting Files */ = {
			isa = PBXGroup;
			children = (
				07C1D8C81AA0EFC0004B51AD /* Info.plist */,
			);
			name = "Supporting Files";
			sourceTree = "<group>";
		};
		07C1D8DC1AA0EFC0004B51AD /* SampleiOSTests */ = {
			isa = PBXGroup;
			children = (
				07C1D8DF1AA0EFC0004B51AD /* SampleiOSTests.swift */,
				07C1D8DD1AA0EFC0004B51AD /* Supporting Files */,
			);
			path = SampleiOSTests;
			sourceTree = "<group>";
		};
		07C1D8DD1AA0EFC0004B51AD /* Supporting Files */ = {
			isa = PBXGroup;
			children = (
				07C1D8DE1AA0EFC0004B51AD /* Info.plist */,
			);
			name = "Supporting Files";
			sourceTree = "<group>";
		};
/* End PBXGroup section */

/* Begin PBXNativeTarget section */
		07C1D8C31AA0EFC0004B51AD /* SampleiOS */ = {
			isa = PBXNativeTarget;
			buildConfigurationList = 07C1D8E31AA0EFC0004B51AD /* Build configuration list for PBXNativeTarget "SampleiOS" */;
			buildPhases = (
				07C1D8C01AA0EFC0004B51AD /* Sources */,
				07C1D8C11AA0EFC0004B51AD /* Frameworks */,
				07C1D8C21AA0EFC0004B51AD /* Resources */,
			);
			buildRules = (
			);
			dependencies = (
			);
			name = SampleiOS;
			productName = SampleiOS;
			productReference = 07C1D8C41AA0EFC0004B51AD /* SampleiOS.app */;
			productType = "com.apple.product-type.application";
		};
		07C1D8D81AA0EFC0004B51AD /* SampleiOSTests */ = {
			isa = PBXNativeTarget;
			buildConfigurationList = 07C1D8E61AA0EFC0004B51AD /* Build configuration list for PBXNativeTarget "SampleiOSTests" */;
			buildPhases = (
				07C1D8D51AA0EFC0004B51AD /* Sources */,
				07C1D8D61AA0EFC0004B51AD /* Frameworks */,
				07C1D8D71AA0EFC0004B51AD /* Resources */,
			);
			buildRules = (
			);
			dependencies = (
				07C1D8DB1AA0EFC0004B51AD /* PBXTargetDependency */,
			);
			name = SampleiOSTests;
			productName = SampleiOSTests;
			productReference = 07C1D8D91AA0EFC0004B51AD /* SampleiOSTests.xctest */;
			productType = "com.apple.product-type.bundle.unit-test";
		};
/* End PBXNativeTarget section */

/* Begin PBXProject section */
		07C1D8BC1AA0EFC0004B51AD /* Project object */ = {
			isa = PBXProject;
			attributes = {
				LastUpgradeCheck = 0610;
				ORGANIZATIONNAME = "8th Light";
				TargetAttributes = {
					07C1D8C31AA0EFC0004B51AD = {
						CreatedOnToolsVersion = 6.1.1;
					};
					07C1D8D81AA0EFC0004B51AD = {
						CreatedOnToolsVersion = 6.1.1;
						TestTargetID = 07C1D8C31AA0EFC0004B51AD;
					};
				};
			};
			buildConfigurationList = 07C1D8BF1AA0EFC0004B51AD /* Build configuration list for PBXProject "SampleiOS" */;
			compatibilityVersion = "Xcode 3.2";
			developmentRegion = English;
			hasScannedForEncodings = 0;
			knownRegions = (
				en,
				Base,
			);
			mainGroup = 07C1D8BB1AA0EFC0004B51AD;
			productRefGroup = 07C1D8C51AA0EFC0004B51AD /* Products */;
			projectDirPath = "";
			projectRoot = "";
			targets = (
				07C1D8C31AA0EFC0004B51AD /* SampleiOS */,
				07C1D8D81AA0EFC0004B51AD /* SampleiOSTests */,
			);
		};
/* End PBXProject section */

/* Begin PBXResourcesBuildPhase section */
		07C1D8C21AA0EFC0004B51AD /* Resources */ = {
			isa = PBXResourcesBuildPhase;
			buildActionMask = 2147483647;
			files = (
				07C1D8CF1AA0EFC0004B51AD /* Main.storyboard in Resources */,
				07C1D8D41AA0EFC0004B51AD /* LaunchScreen.xib in Resources */,
				07C1D8D11AA0EFC0004B51AD /* Images.xcassets in Resources */,
			);
			runOnlyForDeploymentPostprocessing = 0;
		};
		07C1D8D71AA0EFC0004B51AD /* Resources */ = {
			isa = PBXResourcesBuildPhase;
			buildActionMask = 2147483647;
			files = (
			);
			runOnlyForDeploymentPostprocessing = 0;
		};
/* End PBXResourcesBuildPhase section */

/* Begin PBXSourcesBuildPhase section */
		07C1D8C01AA0EFC0004B51AD /* Sources */ = {
			isa = PBXSourcesBuildPhase;
			buildActionMask = 2147483647;
			files = (
				07C1D8CC1AA0EFC0004B51AD /* ViewController.swift in Sources */,
				07C1D8CA1AA0EFC0004B51AD /* AppDelegate.swift in Sources */,
			);
			runOnlyForDeploymentPostprocessing = 0;
		};
		07C1D8D51AA0EFC0004B51AD /* Sources */ = {
			isa = PBXSourcesBuildPhase;
			buildActionMask = 2147483647;
			files = (
				07C1D8E01AA0EFC0004B51AD /* SampleiOSTests.swift in Sources */,
			);
			runOnlyForDeploymentPostprocessing = 0;
		};
/* End PBXSourcesBuildPhase section */

/* Begin PBXTargetDependency section */
		07C1D8DB1AA0EFC0004B51AD /* PBXTargetDependency */ = {
			isa = PBXTargetDependency;
			target = 07C1D8C31AA0EFC0004B51AD /* SampleiOS */;
			targetProxy = 07C1D8DA1AA0EFC0004B51AD /* PBXContainerItemProxy */;
		};
/* End PBXTargetDependency section */

/* Begin PBXVariantGroup section */
		07C1D8CD1AA0EFC0004B51AD /* Main.storyboard */ = {
			isa = PBXVariantGroup;
			children = (
				07C1D8CE1AA0EFC0004B51AD /* Base */,
			);
			name = Main.storyboard;
			sourceTree = "<group>";
		};
		07C1D8D21AA0EFC0004B51AD /* LaunchScreen.xib */ = {
			isa = PBXVariantGroup;
			children = (
				07C1D8D31AA0EFC0004B51AD /* Base */,
			);
			name = LaunchScreen.xib;
			sourceTree = "<group>";
		};
/* End PBXVariantGroup section */

/* Begin XCBuildConfiguration section */
		07C1D8E11AA0EFC0004B51AD /* Debug */ = {
			isa = XCBuildConfiguration;
			buildSettings = {
				ALWAYS_SEARCH_USER_PATHS = NO;
				CLANG_CXX_LANGUAGE_STANDARD = "gnu++0x";
				CLANG_CXX_LIBRARY = "libc++";
				CLANG_ENABLE_MODULES = YES;
				CLANG_ENABLE_OBJC_ARC = YES;
				CLANG_WARN_BOOL_CONVERSION = YES;
				CLANG_WARN_CONSTANT_CONVERSION = YES;
				CLANG_WARN_DIRECT_OBJC_ISA_USAGE = YES_ERROR;
				CLANG_WARN_EMPTY_BODY = YES;
				CLANG_WARN_ENUM_CONVERSION = YES;
				CLANG_WARN_INT_CONVERSION = YES;
				CLANG_WARN_OBJC_ROOT_CLASS = YES_ERROR;
				CLANG_WARN_UNREACHABLE_CODE = YES;
				CLANG_WARN__DUPLICATE_METHOD_MATCH = YES;
				"CODE_SIGN_IDENTITY[sdk=iphoneos*]" = "iPhone Developer";
				COPY_PHASE_STRIP = NO;
				ENABLE_STRICT_OBJC_MSGSEND = YES;
				GCC_C_LANGUAGE_STANDARD = gnu99;
				GCC_DYNAMIC_NO_PIC = NO;
				GCC_OPTIMIZATION_LEVEL = 0;
				GCC_PREPROCESSOR_DEFINITIONS = (
					"DEBUG=1",
					"$(inherited)",
				);
				GCC_SYMBOLS_PRIVATE_EXTERN = NO;
				GCC_WARN_64_TO_32_BIT_CONVERSION = YES;
				GCC_WARN_ABOUT_RETURN_TYPE = YES_ERROR;
				GCC_WARN_UNDECLARED_SELECTOR = YES;
				GCC_WARN_UNINITIALIZED_AUTOS = YES_AGGRESSIVE;
				GCC_WARN_UNUSED_FUNCTION = YES;
				GCC_WARN_UNUSED_VARIABLE = YES;
				IPHONEOS_DEPLOYMENT_TARGET = 8.1;
				MTL_ENABLE_DEBUG_INFO = YES;
				ONLY_ACTIVE_ARCH = YES;
				SDKROOT = iphoneos;
				SWIFT_OPTIMIZATION_LEVEL = "-Onone";
				TARGETED_DEVICE_FAMILY = "1,2";
			};
			name = Debug;
		};
		07C1D8E21AA0EFC0004B51AD /* Release */ = {
			isa = XCBuildConfiguration;
			buildSettings = {
				ALWAYS_SEARCH_USER_PATHS = NO;
				CLANG_CXX_LANGUAGE_STANDARD = "gnu++0x";
				CLANG_CXX_LIBRARY = "libc++";
				CLANG_ENABLE_MODULES = YES;
				CLANG_ENABLE_OBJC_ARC = YES;
				CLANG_WARN_BOOL_CONVERSION = YES;
				CLANG_WARN_CONSTANT_CONVERSION = YES;
				CLANG_WARN_DIRECT_OBJC_ISA_USAGE = YES_ERROR;
				CLANG_WARN_EMPTY_BODY = YES;
				CLANG_WARN_ENUM_CONVERSION = YES;
				CLANG_WARN_INT_CONVERSION = YES;
				CLANG_WARN_OBJC_ROOT_CLASS = YES_ERROR;
				CLANG_WARN_UNREACHABLE_CODE = YES;
				CLANG_WARN__DUPLICATE_METHOD_MATCH = YES;
				"CODE_SIGN_IDENTITY[sdk=iphoneos*]" = "iPhone Developer";
				COPY_PHASE_STRIP = YES;
				ENABLE_NS_ASSERTIONS = NO;
				ENABLE_STRICT_OBJC_MSGSEND = YES;
				GCC_C_LANGUAGE_STANDARD = gnu99;
				GCC_WARN_64_TO_32_BIT_CONVERSION = YES;
				GCC_WARN_ABOUT_RETURN_TYPE = YES_ERROR;
				GCC_WARN_UNDECLARED_SELECTOR = YES;
				GCC_WARN_UNINITIALIZED_AUTOS = YES_AGGRESSIVE;
				GCC_WARN_UNUSED_FUNCTION = YES;
				GCC_WARN_UNUSED_VARIABLE = YES;
				IPHONEOS_DEPLOYMENT_TARGET = 8.1;
				MTL_ENABLE_DEBUG_INFO = NO;
				SDKROOT = iphoneos;
				TARGETED_DEVICE_FAMILY = "1,2";
				VALIDATE_PRODUCT = YES;
			};
			name = Release;
		};
		07C1D8E41AA0EFC0004B51AD /* Debug */ = {
			isa = XCBuildConfiguration;
			buildSettings = {
				ASSETCATALOG_COMPILER_APPICON_NAME = AppIcon;
				INFOPLIST_FILE = SampleiOS/Info.plist;
				LD_RUNPATH_SEARCH_PATHS = "$(inherited) @executable_path/Frameworks";
				PRODUCT_NAME = "$(TARGET_NAME)";
			};
			name = Debug;
		};
		07C1D8E51AA0EFC0004B51AD /* Release */ = {
			isa = XCBuildConfiguration;
			buildSettings = {
				ASSETCATALOG_COMPILER_APPICON_NAME = AppIcon;
				INFOPLIST_FILE = SampleiOS/Info.plist;
				LD_RUNPATH_SEARCH_PATHS = "$(inherited) @executable_path/Frameworks";
				PRODUCT_NAME = "$(TARGET_NAME)";
			};
			name = Release;
		};
		07C1D8E71AA0EFC0004B51AD /* Debug */ = {
			isa = XCBuildConfiguration;
			buildSettings = {
				BUNDLE_LOADER = "$(TEST_HOST)";
				FRAMEWORK_SEARCH_PATHS = (
					"$(SDKROOT)/Developer/Library/Frameworks",
					"$(inherited)",
				);
				GCC_PREPROCESSOR_DEFINITIONS = (
					"DEBUG=1",
					"$(inherited)",
				);
				INFOPLIST_FILE = SampleiOSTests/Info.plist;
				LD_RUNPATH_SEARCH_PATHS = "$(inherited) @executable_path/Frameworks @loader_path/Frameworks";
				PRODUCT_NAME = "$(TARGET_NAME)";
				TEST_HOST = "$(BUILT_PRODUCTS_DIR)/SampleiOS.app/SampleiOS";
			};
			name = Debug;
		};
		07C1D8E81AA0EFC0004B51AD /* Release */ = {
			isa = XCBuildConfiguration;
			buildSettings = {
				BUNDLE_LOADER = "$(TEST_HOST)";
				FRAMEWORK_SEARCH_PATHS = (
					"$(SDKROOT)/Developer/Library/Frameworks",
					"$(inherited)",
				);
				INFOPLIST_FILE = SampleiOSTests/Info.plist;
				LD_RUNPATH_SEARCH_PATHS = "$(inherited) @executable_path/Frameworks @loader_path/Frameworks";
				PRODUCT_NAME = "$(TARGET_NAME)";
				TEST_HOST = "$(BUILT_PRODUCTS_DIR)/SampleiOS.app/SampleiOS";
			};
			name = Release;
		};
/* End XCBuildConfiguration section */

/* Begin XCConfigurationList section */
		07C1D8BF1AA0EFC0004B51AD /* Build configuration list for PBXProject "SampleiOS" */ = {
			isa = XCConfigurationList;
			buildConfigurations = (
				07C1D8E11AA0EFC0004B51AD /* Debug */,
				07C1D8E21AA0EFC0004B51AD /* Release */,
			);
			defaultConfigurationIsVisible = 0;
			defaultConfigurationName = Release;
		};
		07C1D8E31AA0EFC0004B51AD /* Build configuration list for PBXNativeTarget "SampleiOS" */ = {
			isa = XCConfigurationList;
			buildConfigurations = (
				07C1D8E41AA0EFC0004B51AD /* Debug */,
				07C1D8E51AA0EFC0004B51AD /* Release */,
			);
			defaultConfigurationIsVisible = 0;
		};
		07C1D8E61AA0EFC0004B51AD /* Build configuration list for PBXNativeTarget "SampleiOSTests" */ = {
			isa = XCConfigurationList;
			buildConfigurations = (
				07C1D8E71AA0EFC0004B51AD /* Debug */,
				07C1D8E81AA0EFC0004B51AD /* Release */,
			);
			defaultConfigurationIsVisible = 0;
		};
/* End XCConfigurationList section */
	};
	rootObject = 07C1D8BC1AA0EFC0004B51AD /* Project object */;
}
